{
  "nodes": {
    "nixpkgs": {
      "locked": {
        "lastModified": 1767530592,
        "narHash": "sha256-Hl6Se9Ha2OrNvFb4MpMVIKYtn0i6g3fidDTD0QGIAEM=",
        "owner": "NixOS",
        "repo": "nixpkgs",
        "rev": "da67cb9a2ee6c33b85d8c572659412f78fccc52a",
        "type": "github"
      },
      "original": {
        "owner": "NixOS",
        "repo": "nixpkgs",
        "type": "github"
      }
    },
    "root": {
      "inputs": {
        "nixpkgs": "nixpkgs"
      }
    }
  },
  "root": "root",
  "version": 7
}
