{
  "nodes": {
    "nixpkgs": {
      "locked": {
        "lastModified": 1762092083,
        "narHash": "sha256-rnPOI2/V3bkFlanU3ObdHfi9z2xI+JlTaJy8vog/I24=",
        "owner": "NixOS",
        "repo": "nixpkgs",
        "rev": "b8a9b6a507774bdd422abba1cee17e19908b39dd",
        "type": "github"
      },
      "original": {
        "owner": "NixOS",
        "repo": "nixpkgs",
        "type": "github"
      }
    },
    "root": {
      "inputs": {
        "nixpkgs": "nixpkgs"
      }
    }
  },
  "root": "root",
  "version": 7
}
