{
  "nodes": {
    "nixpkgs": {
      "locked": {
        "lastModified": 1769929091,
        "narHash": "sha256-wUCxTagiXJHXs3Z7d/YVt/sbVYh/rDwJF4RzS7S5Obg=",
        "owner": "NixOS",
        "repo": "nixpkgs",
        "rev": "d06ab99a508fbda1d6dbbdb09f8262c7b970e5cb",
        "type": "github"
      },
      "original": {
        "owner": "NixOS",
        "repo": "nixpkgs",
        "type": "github"
      }
    },
    "root": {
      "inputs": {
        "nixpkgs": "nixpkgs"
      }
    }
  },
  "root": "root",
  "version": 7
}
